
Microsoft Visual Studio Solution File, Format Version 12.00
# Visual Studio Version 16
VisualStudioVersion = 16.0.32106.194
MinimumVisualStudioVersion = 10.0.40219.1
Project("{FAE04EC0-301F-11D3-BF4B-00C04F79EFBC}") = "Complejos", "Complejos.csproj", "{FEFEEC10-7E4E-424E-939E-D657B7FE46BB}"
EndProject
Global
	GlobalSection(SolutionConfigurationPlatforms) = preSolution
		Debug|Any CPU = Debug|Any CPU
		Release|Any CPU = Release|Any CPU
	EndGlobalSection
	GlobalSection(ProjectConfigurationPlatforms) = postSolution
		{FEFEEC10-7E4E-424E-939E-D657B7FE46BB}.Debug|Any CPU.ActiveCfg = Debug|Any CPU
		{FEFEEC10-7E4E-424E-939E-D657B7FE46BB}.Debug|Any CPU.Build.0 = Debug|Any CPU
		{FEFEEC10-7E4E-424E-939E-D657B7FE46BB}.Release|Any CPU.ActiveCfg = Release|Any CPU
		{FEFEEC10-7E4E-424E-939E-D657B7FE46BB}.Release|Any CPU.Build.0 = Release|Any CPU
	EndGlobalSection
	GlobalSection(SolutionProperties) = preSolution
		HideSolutionNode = FALSE
	EndGlobalSection
	GlobalSection(ExtensibilityGlobals) = postSolution
		SolutionGuid = {8FB634D9-E5E2-489F-8595-E9A07E95102A}
	EndGlobalSection
EndGlobal
